{
    "_readme": [
        "This file locks the dependencies of your project to a known state",
        "Read more about it at https://getcomposer.org/doc/01-basic-usage.md#installing-dependencies",
        "This file is @generated automatically"
    ],
    "content-hash": "358b222ca118d8f2782de1100f91bc86",
    "packages": [
        {
            "name": "logicalsystem/httpcalls",
            "version": "dev-master",
            "source": {
                "type": "git",
                "url": "https://github.com/LogicalSystem/httpcalls.git",
                "reference": "0a3e0dc19f154b81048828e7f8584e6be30b2299"
            },
            "dist": {
                "type": "zip",
                "url": "https://api.github.com/repos/LogicalSystem/httpcalls/zipball/0a3e0dc19f154b81048828e7f8584e6be30b2299",
                "reference": "0a3e0dc19f154b81048828e7f8584e6be30b2299",
                "shasum": ""
            },
            "require": {
                "php": ">=7.1"
            },
            "default-branch": true,
            "type": "library",
            "autoload": {
                "psr-4": {
                    "LogicalSystem\\HttpCalls\\": "src/"
                }
            },
            "notification-url": "https://packagist.org/downloads/",
            "license": [
                "MIT"
            ],
            "description": "Libreria curl",
            "support": {
                "issues": "https://github.com/LogicalSystem/httpcalls/issues",
                "source": "https://github.com/LogicalSystem/httpcalls/tree/master"
            },
            "time": "2023-08-02T12:45:35+00:00"
        }
    ],
    "packages-dev": [],
    "aliases": [],
    "minimum-stability": "dev",
    "stability-flags": {
        "logicalsystem/httpcalls": 20
    },
    "prefer-stable": false,
    "prefer-lowest": false,
    "platform": {
        "php": ">=7.1"
    },
    "platform-dev": [],
    "plugin-api-version": "2.3.0"
}
